{"SurveyEntry":{"SurveyID":"SV_0OmO4gAAd11vS0B","SurveyName":"Analytical Approach - Collection","SurveyDescription":null,"SurveyOwnerID":"UR_7NXFLwh3h4WWplW","SurveyBrandID":"jbs","DivisionID":null,"SurveyLanguage":"EN","SurveyActiveResponseSet":"RS_9FdyrX5I6ZbUjBz","SurveyStatus":"Active","SurveyStartDate":"0000-00-00 00:00:00","SurveyExpirationDate":"0000-00-00 00:00:00","SurveyCreationDate":"2014-05-28 05:42:23","CreatorID":"UR_7NXFLwh3h4WWplW","LastModified":"2014-09-04 08:21:39","LastAccessed":"0000-00-00 00:00:00","LastActivated":"2014-06-01 11:11:23","Deleted":null},"SurveyElements":[{"SurveyID":"SV_0OmO4gAAd11vS0B","Element":"BL","PrimaryAttribute":"Survey Blocks","SecondaryAttribute":null,"TertiaryAttribute":null,"Payload":{"0":{"Type":"Default","Description":"Default Question Block","ID":"BL_6yz1JsnsLV8tm6N","BlockElements":[{"Type":"Question","QuestionID":"QID1"}]},"1":{"Type":"Trash","Description":"Trash \/ Unused Questions","ID":"BL_8qXHIZ5XjV6NBf7","BlockElements":[{"Type":"Question","QuestionID":"QID6"},{"Type":"Question","QuestionID":"QID22"},{"Type":"Question","QuestionID":"QID19"}]},"4":{"Type":"Standard","SubType":"","Description":"Preparation","ID":"BL_eP50iJY7IiQcT0V","BlockElements":[{"Type":"Question","QuestionID":"QID20"},{"Type":"Question","QuestionID":"QID4"},{"Type":"Question","QuestionID":"QID5"}]},"5":{"Type":"Standard","SubType":"","Description":"Statistical Modeling","ID":"BL_2f9AEvOLpx48auF","BlockElements":[{"Type":"Question","QuestionID":"QID21"},{"Type":"Question","QuestionID":"QID2"},{"Type":"Question","QuestionID":"QID26"},{"Type":"Question","QuestionID":"QID27"},{"Type":"Question","QuestionID":"QID3"},{"Type":"Question","QuestionID":"QID7"},{"Type":"Question","QuestionID":"QID8"},{"Type":"Question","QuestionID":"QID16"},{"Type":"Question","QuestionID":"QID23"},{"Type":"Question","QuestionID":"QID28"}]},"6":{"Type":"Standard","SubType":"","Description":"Opinion","ID":"BL_dhQYTaZdfFOfCQZ","BlockElements":[{"Type":"Question","QuestionID":"QID12"},{"Type":"Question","QuestionID":"QID14"},{"Type":"Question","QuestionID":"QID13"}]},"7":{"Type":"Standard","SubType":"","Description":"Results","ID":"BL_4Hnr5TznA9VB6dL","BlockElements":[{"Type":"Question","QuestionID":"QID24"},{"Type":"Question","QuestionID":"QID9"},{"Type":"Question","QuestionID":"QID10"},{"Type":"Question","QuestionID":"QID11"},{"Type":"Question","QuestionID":"QID15"},{"Type":"Question","QuestionID":"QID17"},{"Type":"Question","QuestionID":"QID18"}]},"8":{"Type":"Standard","SubType":"","Description":"Block 5","ID":"BL_3y0Xcb73R9USS7X","BlockElements":[{"Type":"Question","QuestionID":"QID25"}]},"9":{"Type":"Standard","SubType":"","Description":"Block 6","ID":"BL_9Hm5yfqvf3Jf7Rb","BlockElements":[{"Type":"Question","QuestionID":"QID29"}]}}},{"SurveyID":"SV_0OmO4gAAd11vS0B","Element":"FL","PrimaryAttribute":"Survey Flow","SecondaryAttribute":null,"TertiaryAttribute":null,"Payload":{"Flow":[{"ID":"BL_6yz1JsnsLV8tm6N","Type":"Block","FlowID":"FL_2"},{"ID":"BL_eP50iJY7IiQcT0V","Type":"Standard","FlowID":"FL_5"},{"ID":"BL_2f9AEvOLpx48auF","Type":"Standard","FlowID":"FL_6"},{"ID":"BL_4Hnr5TznA9VB6dL","Type":"Standard","FlowID":"FL_8"},{"ID":"BL_dhQYTaZdfFOfCQZ","Type":"Standard","FlowID":"FL_7"},{"ID":"BL_9Hm5yfqvf3Jf7Rb","Type":"Standard","FlowID":"FL_10"},{"ID":"BL_3y0Xcb73R9USS7X","Type":"Standard","FlowID":"FL_9"}],"Properties":{"Count":10},"FlowID":"FL_1","Type":"Root"}},{"SurveyID":"SV_0OmO4gAAd11vS0B","Element":"SO","PrimaryAttribute":"Survey Options","SecondaryAttribute":null,"TertiaryAttribute":null,"Payload":{"BackButton":"true","SaveAndContinue":"true","SurveyProtection":"ByInvitation","BallotBoxStuffingPrevention":"false","SurveyExpiration":null,"SurveyTermination":"DefaultMessage","Header":"","Footer":"","ProgressBarDisplay":"NoText","PartialData":"+3 month","ValidationMessage":null,"PreviousButton":"  <<  ","NextButton":"  >>  ","SkinLibrary":"Qualtrics","SkinType":"MQ","Skin":"BusinessModernBlue","NewScoring":1,"EOSMessage":"","ShowExportTags":"false","CollectGeoLocation":"false","SurveyTitle":"Crowdstorming - Analytical Approach Collection","SurveyMetaDescription":"Qualtrics sophisticated online survey software solutions make creating online surveys easy. Learn more about Research Suite and get a free account today.","PasswordProtection":"No","AnonymizeResponse":"No","Password":"","RefererCheck":"No","NoIndex":"Yes","RefererURL":"http:\/\/","EOSMessageLibrary":"","EOSRedirectURL":"http:\/\/","EmailThankYou":"false","ThankYouEmailMessageLibrary":null,"ThankYouEmailMessage":null,"ValidateMessage":"false","ValidationMessageLibrary":null,"InactiveSurvey":"DefaultMessage","InactiveMessageLibrary":"","InactiveMessage":"","AvailableLanguages":{"EN":[]},"libraryId":"","nextButtonMid":"","previousButtonMid":"","headerMid":"","footerMid":"","QuestionsPerPage":"","ExternalCSS":null,"CustomStyles":{"errorStyles":{"selector":".Skin .ValidationError","styles":{"color":null,"backgroundColor":null,"borderColor":null}},"errorStylesBG":{"selector":".Skin .HeaderValidationError, .Skin .HeaderValidationError li a","styles":{"color":null,"backgroundColor":null}},"pageStyles":{"selector":"#SurveyEngineBody","styles":{"backgroundColor":null}},"textStyles":{"selector":".SkinInner","styles":{"fontFamily":null,"fontSize":null,"fontWeight":null,"fontStyle":null,"textDecoration":null,"color":null}},"questionStyles":{"selector":".Skin .QuestionText","styles":{"fontFamily":null,"fontSize":null,"fontWeight":null,"fontStyle":null,"textDecoration":null,"color":null}},"choiceStyles":{"selector":".Skin .horizontalbar th.ylabel, .Skin .Matrix table td, .Skin .Matrix table th, .Skin .Matrix table thead th, .Skin .Matrix table thead td, .Skin .PGR .DragAndDrop .Items label, .Skin .QuestionBody ul.ChoiceStructure, .Skin .PGR .DragAndDrop .Group ul, .Skin .PGR .DragAndDrop .Group h2, .Skin .PGR .DragAndDrop .Items ul, .Skin .PGR .DragAndDrop .Items h2, .Skin .DD .QuestionBody table.ChoiceStructure, .Skin .PGR .DragAndDrop .NoColumns td.groupsContainerTd div ul, .Skin .PGR .DragAndDrop .NoColumns td.groupsContainerTd div h2, .Skin .SBS thead th, .Skin .SBS td, .Skin .SBS .Answers td, .Skin .SBS .Answers th, .SBS table.ChoiceStructure, .Skin .horizontalbar thead table.LabelDescriptions tr td, .Skin .horizontalbar thead tr td.NotApplicable, .QuestionBody th, .Skin .QuestionBody .MC .MAVR label, .Skin .QuestionBody .MC .SAVR label, .Skin .SBS thead th, .Skin .SBS td, .Skin .RO .DND ul li, .Skin .reg, .SkinInner .ChoiceStructure, .Skin thead, .Skin .GAP .ChoiceStructure thead th, .Skin .GAP .ChoiceStructure .c4, .Skin .GAP .ChoiceStructure th, .Skin .GAP .ChoiceStructure .WhyText, .SkinInner .ChoiceStructure .LightBG, .Skin .QuestionOuter.Highlight .Inner .reg, .Skin .QuestionOuter.Highlight .Inner .alt, .Skin .QuestionOuter.Highlight .Inner .ReadableAlt       ","styles":{"fontFamily":null,"fontSize":null,"fontWeight":null,"fontStyle":null,"textDecoration":null,"color":null}},"headerStyles":{"selector":".Skin div#Header","styles":{"color":null}},"footerStyles":{"selector":".Skin #Footer","styles":{"color":null}},"questionSeparatorStyles":{"selector":".Skin .Separator","styles":{"backgroundColor":null,"display":null}},"highlightStyles":{"selector":".Skin .QuestionOuter.Highlight .Inner, .Skin .QuestionOuter.Highlight .Inner .reg, .Skin .QuestionOuter.Highlight .Inner .alt, .Skin .QuestionOuter.Highlight .Inner .ReadableAlt","styles":{"backgroundColor":null}},"highlightStylesAlt":{"selector":".Skin .QuestionOuter.Highlight .Inner .ReadableAlt, .Skin .QuestionOuter.Highlight .Inner .LightBG","styles":{"backgroundColor":null}},"textEntryStyles":{"selector":".Skin select, .Skin .InputText","styles":{"color":null}},"borderStyles":{"selector":".Skin .CS .horizontalbar table.sliderGrid tr.xlabel th, .Skin .CS .horizontalbar .ylabel, .Skin .CS .horizontalbar table.sliderGrid tr td.value, .Skin .Slider .horizontalbar table.sliderGrid tr.xlabel th, .Skin .BorderColor, .Skin .DarkBorderColor, .Skin .Slider .horizontalbar table.sliderGrid tr td.value, .Skin thead, .Skin .GAP .ChoiceStructure thead th  ","styles":{"borderColor":null}},"altRowStyles":{"selector":".Skin .ReadableAlt, .Skin .LightBG","styles":{"backgroundColor":null}},"customCSS":null},"HighlightQuestions":"off","ProtectSelectionIds":true}},{"SurveyID":"SV_0OmO4gAAd11vS0B","Element":"SCO","PrimaryAttribute":"Scoring","SecondaryAttribute":null,"TertiaryAttribute":null,"Payload":{"ScoringCategories":[],"ScoringCategoryGroups":[],"ScoringSummaryCategory":null,"ScoringSummaryAfterQuestions":0,"ScoringSummaryAfterSurvey":0,"DefaultScoringCategory":null,"AutoScoringCategory":null}},{"SurveyID":"SV_0OmO4gAAd11vS0B","Element":"STAT","PrimaryAttribute":"Survey Statistics","SecondaryAttribute":null,"TertiaryAttribute":null,"Payload":{"MobileCompatible":true,"ID":"Survey Statistics"}},{"SurveyID":"SV_0OmO4gAAd11vS0B","Element":"SQ","PrimaryAttribute":"QID1","SecondaryAttribute":"${m:\/\/FirstName} ${m:\/\/LastName}\n ${m:\/\/ExternalDataReference}\n This questionnaire will be used to c","TertiaryAttribute":null,"Payload":{"QuestionText":"<div>${m:\/\/FirstName} ${m:\/\/LastName}<br>\n${m:\/\/ExternalDataReference}<br>\n<br>\nThis questionnaire will be used to collect answers detailing the statistical approach that your research team has taken. Your answers will then be used to facilitate the round-robin peer review process.<\/div>\n\n<div>&nbsp;<\/div>\n\n<div>Please provide enough information for a naive empiricist to be able to give you valuable feedback. Remember, not all individuals involved in this project come from the same discipline, so some methods might be unfamiliar\/have a different name to those in other areas.&nbsp;<\/div>\n\n<div>&nbsp;<\/div>\nThere are two sections: one that will be shared with other researchers, and one that we will use internally to get a good first idea about actual results. Only the analytic plans will be shared with the crowdstorming groups to avoid bias.","DefaultChoices":false,"DataExportTag":"Q1","QuestionType":"DB","Selector":"TB","Configuration":{"QuestionDescriptionOption":"UseText"},"QuestionDescription":"${m:\/\/FirstName} ${m:\/\/LastName}\n ${m:\/\/ExternalDataReference}\n This questionnaire will be used to collect answers detailing the\n statistical approach that your research team has taken. Your\n answe...","ChoiceOrder":[],"Validation":{"Settings":{"Type":"None"}},"GradingData":[],"Language":[],"QuestionID":"QID1"}},{"SurveyID":"SV_0OmO4gAAd11vS0B","Element":"QC","PrimaryAttribute":"Survey Question Count","SecondaryAttribute":"29","TertiaryAttribute":null,"Payload":null},{"SurveyID":"SV_0OmO4gAAd11vS0B","Element":"SQ","PrimaryAttribute":"QID19","SecondaryAttribute":"Analytical Approach","TertiaryAttribute":null,"Payload":{"QuestionText":"<b>Analytical Approach<\/b>","DefaultChoices":false,"DataExportTag":"Q19","QuestionType":"DB","Selector":"TB","Configuration":{"QuestionDescriptionOption":"UseText"},"QuestionDescription":"Analytical Approach","ChoiceOrder":[],"Validation":{"Settings":{"Type":"None"}},"GradingData":[],"Language":[],"QuestionID":"QID19"}},{"SurveyID":"SV_0OmO4gAAd11vS0B","Element":"SQ","PrimaryAttribute":"QID6","SecondaryAttribute":"Click to write the question text","TertiaryAttribute":null,"Payload":{"QuestionText":"Click to write the question text","DefaultChoices":false,"DataExportTag":"Q6","QuestionType":"TE","Selector":"SL","Configuration":{"QuestionDescriptionOption":"UseText"},"QuestionDescription":"Click to write the question text","Validation":{"Settings":{"ForceResponse":"OFF","ForceResponseType":"ON","Type":"None"}},"GradingData":[],"Language":[],"QuestionID":"QID6"}},{"SurveyID":"SV_0OmO4gAAd11vS0B","Element":"SQ","PrimaryAttribute":"QID20","SecondaryAttribute":"Data Cleaning","TertiaryAttribute":null,"Payload":{"QuestionText":"<b>Data Cleaning<\/b>","DefaultChoices":false,"DataExportTag":"Q20","QuestionType":"DB","Selector":"TB","Configuration":{"QuestionDescriptionOption":"UseText"},"QuestionDescription":"Data Cleaning","ChoiceOrder":[],"Validation":{"Settings":{"Type":"None"}},"GradingData":[],"Language":[],"QuestionID":"QID20"}},{"SurveyID":"SV_0OmO4gAAd11vS0B","Element":"RS","PrimaryAttribute":"RS_9FdyrX5I6ZbUjBz","SecondaryAttribute":"Default Response Set","TertiaryAttribute":null,"Payload":null},{"SurveyID":"SV_0OmO4gAAd11vS0B","Element":"SQ","PrimaryAttribute":"QID26","SecondaryAttribute":"Please describe the statistical technique you chose in more detail.\nBe specific, especially if yo...","TertiaryAttribute":null,"Payload":{"QuestionText":"Please describe the statistical technique you chose in more detail. Be specific, especially if your choice is not one you consider to be well-known.&nbsp;","DefaultChoices":false,"DataExportTag":"tech_expl","QuestionType":"TE","Selector":"ESTB","Configuration":{"QuestionDescriptionOption":"UseText","InputWidth":640},"QuestionDescription":"Please describe the statistical technique you chose in more detail.\nBe specific, especially if yo...","Validation":{"Settings":{"ForceResponse":"OFF","ForceResponseType":"ON","Type":"None"}},"GradingData":[],"Language":[],"QuestionID":"QID26"}},{"SurveyID":"SV_0OmO4gAAd11vS0B","Element":"SQ","PrimaryAttribute":"QID25","SecondaryAttribute":"Please press the submit button only once you are sure that you\nwould like to submit your respones an","TertiaryAttribute":null,"Payload":{"QuestionText":"Please press the submit button only once you are sure that you would like to submit your respones and that no changes are needed at this stage. Deadline is midnight June 15th EST.<br \/>\n<br \/>\nYour name should be written here:<strong> ${m:\/\/FirstName} ${m:\/\/LastName}<\/strong>. If it is not, then you are in preview mode. In that case, please access the link through the personalized e-mail sent to you.","DefaultChoices":false,"DataExportTag":"Q25","QuestionType":"DB","Selector":"TB","Configuration":{"QuestionDescriptionOption":"UseText"},"QuestionDescription":"Please press the submit button only once you are sure that you\nwould like to submit your respones and that no changes are needed\nat this stage. Deadline is midnight June 15th EST.\nYour name should...","ChoiceOrder":[],"Validation":{"Settings":{"Type":"None"}},"GradingData":[],"Language":[],"QuestionID":"QID25"}},{"SurveyID":"SV_0OmO4gAAd11vS0B","Element":"SQ","PrimaryAttribute":"QID29","SecondaryAttribute":"Please use this space for any additional comment you may have at\nthis stage (this is for our informa","TertiaryAttribute":null,"Payload":{"QuestionText":"Please use this space for any additional comment you may have at this stage (this is for our information and will not displayed to other teams).","DefaultChoices":false,"DataExportTag":"comment","QuestionID":"QID29","QuestionType":"TE","Selector":"ESTB","Configuration":{"QuestionDescriptionOption":"UseText"},"QuestionDescription":"Please use this space for any additional comment you may have at\nthis stage (this is for our information and will not displayed to\nother teams).","Validation":{"Settings":{"ForceResponse":"OFF","ForceResponseType":"ON","Type":"None"}},"GradingData":[],"Language":[]}},{"SurveyID":"SV_0OmO4gAAd11vS0B","Element":"SQ","PrimaryAttribute":"QID24","SecondaryAttribute":"Results","TertiaryAttribute":null,"Payload":{"QuestionText":"<b>Results<\/b>","DefaultChoices":false,"DataExportTag":"Q24","QuestionType":"DB","Selector":"TB","Configuration":{"QuestionDescriptionOption":"UseText"},"QuestionDescription":"Results","ChoiceOrder":[],"Validation":{"Settings":{"Type":"None"}},"GradingData":[],"Language":[],"QuestionID":"QID24"}},{"SurveyID":"SV_0OmO4gAAd11vS0B","Element":"SG","PrimaryAttribute":"SGRP_5gVGrFi10Fgndm5","SecondaryAttribute":"RP_5gVGrFi10Fgndm5","TertiaryAttribute":"RP_5gVGrFi10Fgndm5","Payload":{"0":[{"LogicType":"Question","LeftOperand":"q:\/\/QID12\/SelectableChoice\/4","ChoiceLocator":"q:\/\/QID12\/SelectableChoice\/4","QuestionID":"QID12","Operator":"Selected","Type":"Expression","Description":"Question - What is your current opinion regarding research question 1: How likely do you think it is that soccer referees tend to give\nmore red cards to dark skinned players?<em>,<\/em> Choice - Likely<em>,<\/em> <b>Is<\/b> Selected"}],"Type":"BooleanExpression"}},{"SurveyID":"SV_0OmO4gAAd11vS0B","Element":"SQ","PrimaryAttribute":"QID21","SecondaryAttribute":"Statistical Modeling","TertiaryAttribute":null,"Payload":{"QuestionText":"<b>Statistical Modeling<\/b>","DefaultChoices":false,"DataExportTag":"Q21","QuestionType":"DB","Selector":"TB","Configuration":{"QuestionDescriptionOption":"UseText"},"QuestionDescription":"Statistical Modeling","ChoiceOrder":[],"Validation":{"Settings":{"Type":"None"}},"GradingData":[],"Language":[],"QuestionID":"QID21"}},{"SurveyID":"SV_0OmO4gAAd11vS0B","Element":"SQ","PrimaryAttribute":"QID22","SecondaryAttribute":"Statistical Modeling","TertiaryAttribute":null,"Payload":{"QuestionText":"<b>Statistical Modeling<\/b>","DefaultChoices":false,"DataExportTag":"Q22","QuestionType":"DB","Selector":"TB","Configuration":{"QuestionDescriptionOption":"UseText"},"QuestionDescription":"Statistical Modeling","ChoiceOrder":[],"Validation":{"Settings":{"Type":"None"}},"GradingData":[],"Language":[],"QuestionID":"QID22"}},{"SurveyID":"SV_0OmO4gAAd11vS0B","Element":"SQ","PrimaryAttribute":"QID5","SecondaryAttribute":"Were any cases excluded, and why?","TertiaryAttribute":null,"Payload":{"QuestionText":"Were any cases excluded, and why?","DefaultChoices":false,"DataExportTag":"exclusions","QuestionType":"TE","Selector":"ML","Configuration":{"QuestionDescriptionOption":"UseText"},"QuestionDescription":"Were any cases excluded, and why?","Validation":{"Settings":{"ForceResponse":"OFF","ForceResponseType":"ON","Type":"None"}},"GradingData":[],"Language":[],"QuestionID":"QID5"}},{"SurveyID":"SV_0OmO4gAAd11vS0B","Element":"SQ","PrimaryAttribute":"QID27","SecondaryAttribute":"What are some references for the statistical technique that you\nchose?","TertiaryAttribute":null,"Payload":{"QuestionText":"What are some references for the statistical technique that you chose?","DefaultChoices":false,"DataExportTag":"tech_ref","QuestionType":"TE","Selector":"SL","Configuration":{"QuestionDescriptionOption":"UseText"},"QuestionDescription":"What are some references for the statistical technique that you\nchose?","Validation":{"Settings":{"ForceResponse":"OFF","ForceResponseType":"ON","Type":"None"}},"GradingData":[],"Language":[],"QuestionID":"QID27"}},{"SurveyID":"SV_0OmO4gAAd11vS0B","Element":"SQ","PrimaryAttribute":"QID7","SecondaryAttribute":"What distribution did you specify for the outcome variable of red\ncards?","TertiaryAttribute":null,"Payload":{"QuestionText":"What distribution did you specify for the outcome variable of red cards?","DefaultChoices":false,"DataExportTag":"DV_dist","QuestionType":"TE","Selector":"ML","Configuration":{"QuestionDescriptionOption":"UseText"},"QuestionDescription":"What distribution did you specify for the outcome variable of red\ncards?","Validation":{"Settings":{"ForceResponse":"OFF","ForceResponseType":"ON","Type":"None"}},"GradingData":[],"Language":[],"QuestionID":"QID7"}},{"SurveyID":"SV_0OmO4gAAd11vS0B","Element":"SQ","PrimaryAttribute":"QID2","SecondaryAttribute":"What is the name of the statistical technique that you employed?","TertiaryAttribute":null,"Payload":{"QuestionText":"What is the name of the statistical technique that you employed?","DefaultChoices":false,"DataExportTag":"technique","QuestionID":"QID2","QuestionType":"TE","Selector":"SL","Configuration":{"QuestionDescriptionOption":"UseText"},"QuestionDescription":"What is the name of the statistical technique that you employed?","Validation":{"Settings":{"ForceResponse":"OFF","ForceResponseType":"ON","Type":"None"}},"GradingData":[],"Language":[]}},{"SurveyID":"SV_0OmO4gAAd11vS0B","Element":"SQ","PrimaryAttribute":"QID11","SecondaryAttribute":"What is the size of the effect for research question\n 2a:\u00a0The relationship between referee country\n","TertiaryAttribute":null,"Payload":{"DefaultChoices":false,"DataExportTag":"ES_R2a","QuestionType":"TE","Selector":"SL","Configuration":{"QuestionDescriptionOption":"UseText"},"Validation":{"Settings":{"ForceResponse":"OFF","ForceResponseType":"ON","Type":"None"}},"GradingData":[],"Language":[],"QuestionID":"QID11","QuestionText":"<div>What is the size of the effect for <strong>research question 2a:<\/strong>&nbsp;The relationship between referee country <strong>implicit&nbsp;<\/strong>skin-tone prejudice and red cards received by dark skin-tones players?&nbsp;<\/div><div><br><\/div><div>Please specify the magnitude and direction of the effect size, along with the 95% confidence (or credible) interval in the following format: estimate [low interval, high interval]. Remember that this result will not be shared with other teams at this stage.<\/div><div><br><\/div>","QuestionDescription":"What is the size of the effect for research question\n 2a:\u00a0The relationship between referee country\n implicit\u00a0skin-tone prejudice and red cards\n received by dark skin-tones players?\u00a0\n\n \n Please spec..."}},{"SurveyID":"SV_0OmO4gAAd11vS0B","Element":"SQ","PrimaryAttribute":"QID10","SecondaryAttribute":"What is the size of the effect for research question 1:\u00a0The relationship between player skin tone a","TertiaryAttribute":null,"Payload":{"QuestionText":"What is the size of the effect for <b>research question 1:<\/b>&nbsp;The relationship between player skin tone and red cards received?&nbsp;<div><br><\/div><div>Please specify the magnitude and direction of the effect size, along with the 95% confidence (or credible) interval in the following format: estimate [low interval, high interval]. Remember that this result will not be shared with other teams at this stage.<\/div>","DefaultChoices":false,"DataExportTag":"ES_R1","QuestionType":"TE","Selector":"SL","Configuration":{"QuestionDescriptionOption":"UseText"},"QuestionDescription":"What is the size of the effect for research question 1:\u00a0The relationship between player skin tone and red cards\nreceived?\u00a0\n \n Please specify the magnitude and direction of the effect size,\n along w...","Validation":{"Settings":{"ForceResponse":"OFF","ForceResponseType":"ON","Type":"None"}},"GradingData":[],"Language":[],"QuestionID":"QID10"}},{"SurveyID":"SV_0OmO4gAAd11vS0B","Element":"SQ","PrimaryAttribute":"QID15","SecondaryAttribute":"What is the size of the effect for\u00a0research question\n 2b:\u00a0The relationship between referee country","TertiaryAttribute":null,"Payload":{"QuestionText":"<div>What is the size of the effect for&nbsp;<strong>research question 2b:<\/strong>&nbsp;The relationship between referee country <strong>explicit<\/strong><strong>&nbsp;<\/strong>skin-tone prejudice and red cards received by dark skin-tones players?&nbsp;<\/div><div><br><\/div><div>Please specify the magnitude and direction of the effect size, along with the 95% confidence interval in the following format: estimate [low interval, high interval]. Remember that this result will not be shared with other teams at this stage.<\/div>","DefaultChoices":false,"DataExportTag":"ES_R2b","QuestionType":"TE","Selector":"SL","Configuration":{"QuestionDescriptionOption":"UseText"},"QuestionDescription":"What is the size of the effect for\u00a0research question\n 2b:\u00a0The relationship between referee country\n explicit\u00a0skin-tone\n prejudice and red cards received by dark skin-tones\n players?\u00a0\n\n \n Please spe...","Validation":{"Settings":{"ForceResponse":"OFF","ForceResponseType":"ON","Type":"None"}},"GradingData":[],"Language":[],"QuestionID":"QID15"}},{"SurveyID":"SV_0OmO4gAAd11vS0B","Element":"SQ","PrimaryAttribute":"QID12","SecondaryAttribute":"What is your current opinion regarding research question 1: How likely do you think it is that socce","TertiaryAttribute":null,"Payload":{"QuestionText":"What is your current opinion regarding <b>research question 1:<\/b> How likely do you think it is that soccer referees tend to give more red cards to dark skinned players?","DataExportTag":"prior_RQ1","QuestionType":"MC","Selector":"SAHR","SubSelector":"TX","Configuration":{"QuestionDescriptionOption":"UseText","LabelPosition":"BELOW"},"QuestionDescription":"What is your current opinion regarding research question 1: How likely do you think it is that soccer referees tend to give\nmore red cards to dark skinned players?","Choices":{"1":{"Display":"Very Unlikely"},"2":{"Display":"Unlikely"},"3":{"Display":"Neither Likely nor Unlikely"},"4":{"Display":"Likely"},"5":{"Display":"Very Likely"}},"ChoiceOrder":[1,2,3,4,5],"Validation":{"Settings":{"ForceResponse":"OFF","ForceResponseType":"ON","Type":"None"}},"Language":[],"QuestionID":"QID12"}},{"SurveyID":"SV_0OmO4gAAd11vS0B","Element":"SQ","PrimaryAttribute":"QID14","SecondaryAttribute":"What is your current opinion regarding\u00a0research question 2a:\u00a0How likely is it that implicit cultur","TertiaryAttribute":null,"Payload":{"QuestionText":"What is your current opinion regarding&nbsp;<strong>research question 2a:<\/strong>&nbsp;How likely is it that <b>implicit<\/b> cultural preferences for white over black skin tone in referees\u2019 country of origin are associated with biases in referees\u2019 decisions to give more red cards to dark skinned players?","DefaultChoices":false,"DataExportTag":"prior_RQ2a","QuestionType":"MC","Selector":"SAHR","SubSelector":"TX","Configuration":{"QuestionDescriptionOption":"UseText","LabelPosition":"BELOW"},"QuestionDescription":"What is your current opinion regarding\u00a0research question 2a:\u00a0How likely is it that implicit cultural preferences for white over black skin tone in referees\u2019\ncountry of origin are associated with bi...","Choices":{"1":{"Display":"Very Unlikely"},"2":{"Display":"Unlikely"},"3":{"Display":"Neither Likely nor Unlikely"},"4":{"Display":"Likely"},"5":{"Display":"Very Likely"}},"ChoiceOrder":[1,2,3,4,5],"Validation":{"Settings":{"ForceResponse":"OFF","ForceResponseType":"ON","Type":"None"}},"GradingData":[],"Language":[],"QuestionID":"QID14"}},{"SurveyID":"SV_0OmO4gAAd11vS0B","Element":"SQ","PrimaryAttribute":"QID13","SecondaryAttribute":"What is your current opinion regarding\u00a0research question 2b:\u00a0How likely is it that explicit cultur","TertiaryAttribute":null,"Payload":{"QuestionText":"What is your current opinion regarding&nbsp;<strong>research question 2b:<\/strong>&nbsp;How likely is it that <b>explicit<\/b> cultural preferences for white over black skin tone in referees\u2019 country of origin are associated with biases in referees\u2019 decisions to give more red cards to dark skinned players?","DefaultChoices":false,"DataExportTag":"prior_RQ2b","QuestionType":"MC","Selector":"SAHR","SubSelector":"TX","Configuration":{"QuestionDescriptionOption":"UseText","LabelPosition":"BELOW"},"QuestionDescription":"What is your current opinion regarding\u00a0research question 2b:\u00a0How likely is it that explicit cultural preferences for white over black skin tone in referees\u2019\ncountry of origin are associated with bi...","Choices":{"1":{"Display":"Very Unlikely"},"2":{"Display":"Unlikely"},"3":{"Display":"Neither Likely nor Unlikely"},"4":{"Display":"Likely"},"5":{"Display":"Very Likely"}},"ChoiceOrder":[1,2,3,4,5],"Validation":{"Settings":{"ForceResponse":"OFF","ForceResponseType":"ON","Type":"None"}},"GradingData":[],"Language":[],"QuestionID":"QID13"}},{"SurveyID":"SV_0OmO4gAAd11vS0B","Element":"SQ","PrimaryAttribute":"QID17","SecondaryAttribute":"What other steps\/analyses did you run that are worth mentioning?\nInclude effect sizes in a similar f","TertiaryAttribute":null,"Payload":{"QuestionText":"What other steps\/analyses did you run that are worth mentioning? Include effect sizes in a similar format as above if necessary.","DefaultChoices":false,"DataExportTag":"alt_stats","QuestionType":"TE","Selector":"ML","Configuration":{"QuestionDescriptionOption":"UseText"},"QuestionDescription":"What other steps\/analyses did you run that are worth mentioning?\nInclude effect sizes in a similar format as above if necessary.","Validation":{"Settings":{"ForceResponse":"OFF","ForceResponseType":"ON","Type":"None"}},"GradingData":[],"Language":[],"QuestionID":"QID17"}},{"SurveyID":"SV_0OmO4gAAd11vS0B","Element":"SQ","PrimaryAttribute":"QID28","SecondaryAttribute":"What theoretical and\/or statistical rationale was used for your\n choice of covariates included in th","TertiaryAttribute":null,"Payload":{"QuestionText":"<div>What theoretical and\/or statistical rationale was used for your choice of covariates included in the models?<\/div>","DefaultChoices":false,"DataExportTag":"cov_reason","QuestionType":"TE","Selector":"ML","Configuration":{"QuestionDescriptionOption":"UseText"},"QuestionDescription":"What theoretical and\/or statistical rationale was used for your\n choice of covariates included in the models?","Validation":{"Settings":{"ForceResponse":"OFF","ForceResponseType":"ON","Type":"None"}},"GradingData":[],"Language":[],"QuestionID":"QID28"}},{"SurveyID":"SV_0OmO4gAAd11vS0B","Element":"SQ","PrimaryAttribute":"QID4","SecondaryAttribute":"What transformations (if any) were applied to the variables. Please\nbe specific. ","TertiaryAttribute":null,"Payload":{"QuestionText":"What transformations (if any) were applied to the variables. Please be specific.&nbsp;","DefaultChoices":false,"DataExportTag":"transforms","QuestionType":"TE","Selector":"ML","Configuration":{"QuestionDescriptionOption":"UseText"},"QuestionDescription":"What transformations (if any) were applied to the variables. Please\nbe specific. ","Validation":{"Settings":{"ForceResponse":"OFF","ForceResponseType":"ON","Type":"None"}},"GradingData":[],"Language":[],"QuestionID":"QID4"}},{"SurveyID":"SV_0OmO4gAAd11vS0B","Element":"SQ","PrimaryAttribute":"QID9","SecondaryAttribute":"What unit is your effect size in?","TertiaryAttribute":null,"Payload":{"QuestionText":"What unit is your effect size in?","DefaultChoices":false,"DataExportTag":"ES_unit","QuestionType":"TE","Selector":"SL","Configuration":{"QuestionDescriptionOption":"UseText"},"QuestionDescription":"What unit is your effect size in?","Validation":{"Settings":{"ForceResponse":"OFF","ForceResponseType":"ON","Type":"None"}},"GradingData":[],"Language":[],"QuestionID":"QID9"}},{"SurveyID":"SV_0OmO4gAAd11vS0B","Element":"SQ","PrimaryAttribute":"QID8","SecondaryAttribute":"What variables were included as covariates (or control variables)\nwhen testing research question 1:\u00c2","TertiaryAttribute":null,"Payload":{"QuestionText":"What variables were included as covariates (or control variables) when testing <strong>research question 1:<\/strong>&nbsp;The relationship between player skin tone and red cards received?","DefaultChoices":false,"DataExportTag":"cov_RQ1","QuestionType":"TE","Selector":"ML","Configuration":{"QuestionDescriptionOption":"UseText"},"QuestionDescription":"What variables were included as covariates (or control variables)\nwhen testing research question 1:\u00a0The relationship between player skin tone and red cards\nreceived?","Validation":{"Settings":{"ForceResponse":"OFF","ForceResponseType":"ON","Type":"None"}},"GradingData":[],"Language":[],"QuestionID":"QID8"}},{"SurveyID":"SV_0OmO4gAAd11vS0B","Element":"SQ","PrimaryAttribute":"QID16","SecondaryAttribute":"What variables were included as covariates (or control variables)\nwhen testing research question 2a:","TertiaryAttribute":null,"Payload":{"QuestionText":"What variables were included as covariates (or control variables) when testing <b>research question 2a:<\/b> The relationship between referee country <b>implicit&nbsp;<\/b>skin-tone prejudice and red cards received by dark skin-toned players?","DefaultChoices":false,"DataExportTag":"cov_RQ2a","QuestionType":"TE","Selector":"ML","Configuration":{"QuestionDescriptionOption":"UseText"},"QuestionDescription":"What variables were included as covariates (or control variables)\nwhen testing research question 2a: The relationship between referee country implicit\u00a0skin-tone prejudice and red cards received by...","Validation":{"Settings":{"ForceResponse":"OFF","ForceResponseType":"ON","Type":"None"}},"GradingData":[],"Language":[],"QuestionID":"QID16"}},{"SurveyID":"SV_0OmO4gAAd11vS0B","Element":"SQ","PrimaryAttribute":"QID23","SecondaryAttribute":"What variables were included as covariates (or control variables)\nwhen testing research question 2b:","TertiaryAttribute":null,"Payload":{"QuestionText":"What variables were included as covariates (or control variables) when testing <b>research question 2b:<\/b> The relationship between referee country <b>explicit&nbsp;<\/b>skin-tone prejudice and red cards received by dark skin-toned players?","DefaultChoices":false,"DataExportTag":"cov_RQ2b","QuestionType":"TE","Selector":"ML","Configuration":{"QuestionDescriptionOption":"UseText"},"QuestionDescription":"What variables were included as covariates (or control variables)\nwhen testing research question 2b: The relationship between referee country explicit\u00a0skin-tone prejudice and red cards received by...","Validation":{"Settings":{"ForceResponse":"OFF","ForceResponseType":"ON","Type":"None"}},"GradingData":[],"Language":[],"QuestionID":"QID23"}},{"SurveyID":"SV_0OmO4gAAd11vS0B","Element":"SQ","PrimaryAttribute":"QID3","SecondaryAttribute":"Which software did you use? If you used multiple kinds, please\nindicate what was accomplished with e","TertiaryAttribute":null,"Payload":{"QuestionText":"Which software did you use? If you used multiple kinds, please indicate what was accomplished with each piece of software (e.g., Data cleaning - R; Model estimation - SAS)","DefaultChoices":false,"DataExportTag":"software","QuestionType":"TE","Selector":"SL","Configuration":{"QuestionDescriptionOption":"UseText"},"QuestionDescription":"Which software did you use? If you used multiple kinds, please\nindicate what was accomplished with each piece of software (e.g.,\nData cleaning - R; Model estimation - SAS)","Validation":{"Settings":{"ForceResponse":"OFF","ForceResponseType":"ON","Type":"None"}},"GradingData":[],"Language":[],"QuestionID":"QID3"}},{"SurveyID":"SV_0OmO4gAAd11vS0B","Element":"SQ","PrimaryAttribute":"QID18","SecondaryAttribute":"You may use the space below to paste the script you used to run the\nanalyses. (Optional)","TertiaryAttribute":null,"Payload":{"QuestionText":"You may use the space below to paste the script you used to run the analyses. (Optional)","DefaultChoices":false,"DataExportTag":"script","QuestionType":"TE","Selector":"ESTB","Configuration":{"QuestionDescriptionOption":"UseText"},"QuestionDescription":"You may use the space below to paste the script you used to run the\nanalyses. (Optional)","Validation":{"Settings":{"ForceResponse":"OFF","ForceResponseType":"ON","Type":"None"}},"GradingData":[],"Language":[],"QuestionID":"QID18"}}]}